
Microsoft Visual Studio Solution File, Format Version 12.00
# Visual Studio Version 17
VisualStudioVersion = 17.10.34707.107
MinimumVisualStudioVersion = 10.0.40219.1
Project("{9A19103F-16F7-4668-BE54-9A1E7A4F7556}") = "MagickCrop", "MagickCrop\MagickCrop.csproj", "{3EA6F957-CF14-485C-B44F-B87DF71BE155}"
EndProject
Project("{C7167F0D-BC9F-4E6E-AFE1-012C56B48DB5}") = "MagickCrop-Package", "MagickCrop-Package\MagickCrop-Package.wapproj", "{F6C2CFAD-9A9B-48F6-A5F3-DB3BCC25CACB}"
EndProject
Global
	GlobalSection(SolutionConfigurationPlatforms) = preSolution
		Debug|Any CPU = Debug|Any CPU
		Debug|ARM = Debug|ARM
		Debug|ARM64 = Debug|ARM64
		Debug|x64 = Debug|x64
		Debug|x86 = Debug|x86
		Release|Any CPU = Release|Any CPU
		Release|ARM = Release|ARM
		Release|ARM64 = Release|ARM64
		Release|x64 = Release|x64
		Release|x86 = Release|x86
	EndGlobalSection
	GlobalSection(ProjectConfigurationPlatforms) = postSolution
		{3EA6F957-CF14-485C-B44F-B87DF71BE155}.Debug|Any CPU.ActiveCfg = Debug|Any CPU
		{3EA6F957-CF14-485C-B44F-B87DF71BE155}.Debug|Any CPU.Build.0 = Debug|Any CPU
		{3EA6F957-CF14-485C-B44F-B87DF71BE155}.Debug|ARM.ActiveCfg = Debug|ARM64
		{3EA6F957-CF14-485C-B44F-B87DF71BE155}.Debug|ARM.Build.0 = Debug|ARM64
		{3EA6F957-CF14-485C-B44F-B87DF71BE155}.Debug|ARM64.ActiveCfg = Debug|ARM64
		{3EA6F957-CF14-485C-B44F-B87DF71BE155}.Debug|ARM64.Build.0 = Debug|ARM64
		{3EA6F957-CF14-485C-B44F-B87DF71BE155}.Debug|x64.ActiveCfg = Debug|Any CPU
		{3EA6F957-CF14-485C-B44F-B87DF71BE155}.Debug|x64.Build.0 = Debug|Any CPU
		{3EA6F957-CF14-485C-B44F-B87DF71BE155}.Debug|x86.ActiveCfg = Debug|Any CPU
		{3EA6F957-CF14-485C-B44F-B87DF71BE155}.Debug|x86.Build.0 = Debug|Any CPU
		{3EA6F957-CF14-485C-B44F-B87DF71BE155}.Release|Any CPU.ActiveCfg = Release|Any CPU
		{3EA6F957-CF14-485C-B44F-B87DF71BE155}.Release|Any CPU.Build.0 = Release|Any CPU
		{3EA6F957-CF14-485C-B44F-B87DF71BE155}.Release|ARM.ActiveCfg = Release|Any CPU
		{3EA6F957-CF14-485C-B44F-B87DF71BE155}.Release|ARM.Build.0 = Release|Any CPU
		{3EA6F957-CF14-485C-B44F-B87DF71BE155}.Release|ARM64.ActiveCfg = Release|ARM64
		{3EA6F957-CF14-485C-B44F-B87DF71BE155}.Release|ARM64.Build.0 = Release|ARM64
		{3EA6F957-CF14-485C-B44F-B87DF71BE155}.Release|x64.ActiveCfg = Release|ARM64
		{3EA6F957-CF14-485C-B44F-B87DF71BE155}.Release|x64.Build.0 = Release|ARM64
		{3EA6F957-CF14-485C-B44F-B87DF71BE155}.Release|x86.ActiveCfg = Release|Any CPU
		{3EA6F957-CF14-485C-B44F-B87DF71BE155}.Release|x86.Build.0 = Release|Any CPU
		{F6C2CFAD-9A9B-48F6-A5F3-DB3BCC25CACB}.Debug|Any CPU.ActiveCfg = Debug|Any CPU
		{F6C2CFAD-9A9B-48F6-A5F3-DB3BCC25CACB}.Debug|Any CPU.Build.0 = Debug|Any CPU
		{F6C2CFAD-9A9B-48F6-A5F3-DB3BCC25CACB}.Debug|Any CPU.Deploy.0 = Debug|Any CPU
		{F6C2CFAD-9A9B-48F6-A5F3-DB3BCC25CACB}.Debug|ARM.ActiveCfg = Debug|ARM
		{F6C2CFAD-9A9B-48F6-A5F3-DB3BCC25CACB}.Debug|ARM.Build.0 = Debug|ARM
		{F6C2CFAD-9A9B-48F6-A5F3-DB3BCC25CACB}.Debug|ARM.Deploy.0 = Debug|ARM
		{F6C2CFAD-9A9B-48F6-A5F3-DB3BCC25CACB}.Debug|ARM64.ActiveCfg = Debug|ARM64
		{F6C2CFAD-9A9B-48F6-A5F3-DB3BCC25CACB}.Debug|ARM64.Build.0 = Debug|ARM64
		{F6C2CFAD-9A9B-48F6-A5F3-DB3BCC25CACB}.Debug|ARM64.Deploy.0 = Debug|ARM64
		{F6C2CFAD-9A9B-48F6-A5F3-DB3BCC25CACB}.Debug|x64.ActiveCfg = Debug|x64
		{F6C2CFAD-9A9B-48F6-A5F3-DB3BCC25CACB}.Debug|x64.Build.0 = Debug|x64
		{F6C2CFAD-9A9B-48F6-A5F3-DB3BCC25CACB}.Debug|x64.Deploy.0 = Debug|x64
		{F6C2CFAD-9A9B-48F6-A5F3-DB3BCC25CACB}.Debug|x86.ActiveCfg = Debug|x86
		{F6C2CFAD-9A9B-48F6-A5F3-DB3BCC25CACB}.Debug|x86.Build.0 = Debug|x86
		{F6C2CFAD-9A9B-48F6-A5F3-DB3BCC25CACB}.Debug|x86.Deploy.0 = Debug|x86
		{F6C2CFAD-9A9B-48F6-A5F3-DB3BCC25CACB}.Release|Any CPU.ActiveCfg = Release|Any CPU
		{F6C2CFAD-9A9B-48F6-A5F3-DB3BCC25CACB}.Release|Any CPU.Build.0 = Release|Any CPU
		{F6C2CFAD-9A9B-48F6-A5F3-DB3BCC25CACB}.Release|Any CPU.Deploy.0 = Release|Any CPU
		{F6C2CFAD-9A9B-48F6-A5F3-DB3BCC25CACB}.Release|ARM.ActiveCfg = Release|ARM
		{F6C2CFAD-9A9B-48F6-A5F3-DB3BCC25CACB}.Release|ARM.Build.0 = Release|ARM
		{F6C2CFAD-9A9B-48F6-A5F3-DB3BCC25CACB}.Release|ARM.Deploy.0 = Release|ARM
		{F6C2CFAD-9A9B-48F6-A5F3-DB3BCC25CACB}.Release|ARM64.ActiveCfg = Release|ARM64
		{F6C2CFAD-9A9B-48F6-A5F3-DB3BCC25CACB}.Release|ARM64.Build.0 = Release|ARM64
		{F6C2CFAD-9A9B-48F6-A5F3-DB3BCC25CACB}.Release|ARM64.Deploy.0 = Release|ARM64
		{F6C2CFAD-9A9B-48F6-A5F3-DB3BCC25CACB}.Release|x64.ActiveCfg = Release|x64
		{F6C2CFAD-9A9B-48F6-A5F3-DB3BCC25CACB}.Release|x64.Build.0 = Release|x64
		{F6C2CFAD-9A9B-48F6-A5F3-DB3BCC25CACB}.Release|x64.Deploy.0 = Release|x64
		{F6C2CFAD-9A9B-48F6-A5F3-DB3BCC25CACB}.Release|x86.ActiveCfg = Release|x86
		{F6C2CFAD-9A9B-48F6-A5F3-DB3BCC25CACB}.Release|x86.Build.0 = Release|x86
		{F6C2CFAD-9A9B-48F6-A5F3-DB3BCC25CACB}.Release|x86.Deploy.0 = Release|x86
	EndGlobalSection
	GlobalSection(SolutionProperties) = preSolution
		HideSolutionNode = FALSE
	EndGlobalSection
	GlobalSection(ExtensibilityGlobals) = postSolution
		SolutionGuid = {3CA94CE5-AA8D-45D9-B02C-32F2EEEDF0AD}
	EndGlobalSection
EndGlobal
